<?xml version="1.0" encoding="utf-8"?>
<Project ToolsVersion="4.0" xmlns="http://schemas.microsoft.com/developer/msbuild/2003">
  <ItemGroup>
    <ClCompile Include="main.cpp" />
    <ClCompile Include="slovak_checkers\board.cpp">
      <Filter>slovak_checkers</Filter>
    </ClCompile>
    <ClCompile Include="console_params.cpp" />
  </ItemGroup>
  <ItemGroup>
    <Filter Include="slovak_checkers">
      <UniqueIdentifier>{ae9b6138-91bc-403d-81ac-cef16e66d175}</UniqueIdentifier>
    </Filter>
    <Filter Include="slovak_checkers\detail">
      <UniqueIdentifier>{1acdca6a-5f54-4ceb-bad3-f83450f8dedf}</UniqueIdentifier>
    </Filter>
  </ItemGroup>
  <ItemGroup>
    <ClInclude Include="slovak_checkers\board.h">
      <Filter>slovak_checkers</Filter>
    </ClInclude>
    <ClInclude Include="slovak_checkers\move.h">
      <Filter>slovak_checkers</Filter>
    </ClInclude>
    <ClInclude Include="slovak_checkers\piece.h">
      <Filter>slovak_checkers</Filter>
    </ClInclude>
    <ClInclude Include="slovak_checkers\detail\board_state.h">
      <Filter>slovak_checkers\detail</Filter>
    </ClInclude>
    <ClInclude Include="slovak_checkers\detail\common.h">
      <Filter>slovak_checkers\detail</Filter>
    </ClInclude>
    <ClInclude Include="slovak_checkers\detail\direction.h">
      <Filter>slovak_checkers\detail</Filter>
    </ClInclude>
    <ClInclude Include="console_params.h" />
    <ClInclude Include="slovak_checkers\player.h">
      <Filter>slovak_checkers</Filter>
    </ClInclude>
    <ClInclude Include="console_player.h" />
  </ItemGroup>
  <ItemGroup>
    <None Include="packages.config" />
  </ItemGroup>
</Project>